
Microsoft Visual Studio Solution File, Format Version 12.00
# Visual Studio Version 17
VisualStudioVersion = 17.0.31903.59
MinimumVisualStudioVersion = 10.0.40219.1
Project("{2150E333-8FDC-42A3-9474-1A3956D46DE8}") = "src", "src", "{827E0CD3-B72D-47B6-A68D-7590B98EB39B}"
EndProject
Project("{FAE04EC0-301F-11D3-BF4B-00C04F79EFBC}") = "SignalLab.Api", "src\SignalLab.Api\SignalLab.Api.csproj", "{19CF0A94-ACED-413A-BFD9-81F92E8E685E}"
EndProject
Project("{FAE04EC0-301F-11D3-BF4B-00C04F79EFBC}") = "SignalLab.Application", "src\SignalLab.Application\SignalLab.Application.csproj", "{2D5015E2-BBCB-4130-90D1-5C37D9AEBB74}"
EndProject
Project("{FAE04EC0-301F-11D3-BF4B-00C04F79EFBC}") = "SignalLab.Domain", "src\SignalLab.Domain\SignalLab.Domain.csproj", "{217C0375-6EB4-4182-A42F-60351DE8092F}"
EndProject
Project("{FAE04EC0-301F-11D3-BF4B-00C04F79EFBC}") = "SignalLab.Infrastructure", "src\SignalLab.Infrastructure\SignalLab.Infrastructure.csproj", "{15975B7E-E500-48C9-8F0C-ED8FF70F41C9}"
EndProject
Project("{2150E333-8FDC-42A3-9474-1A3956D46DE8}") = "tests", "tests", "{0AB3BF05-4346-4AA6-1389-037BE0695223}"
EndProject
Project("{FAE04EC0-301F-11D3-BF4B-00C04F79EFBC}") = "SignalLab.Api.Integration.Tests", "tests\SignalLab.Api.Integration.Tests\SignalLab.Api.Integration.Tests.csproj", "{DA0FF202-2C1E-4861-B3E3-5141E99FB85C}"
EndProject
Project("{FAE04EC0-301F-11D3-BF4B-00C04F79EFBC}") = "SignalLab.Architecture.Tests", "tests\SignalLab.Architecture.Tests\SignalLab.Architecture.Tests.csproj", "{24F428BA-B94D-4553-9394-DD9EAC141B54}"
EndProject
Project("{FAE04EC0-301F-11D3-BF4B-00C04F79EFBC}") = "SignalLab.Domain.Tests", "tests\SignalLab.Domain.Tests\SignalLab.Domain.Tests.csproj", "{EE946B88-663A-46AE-B5F5-40F25E5EF433}"
EndProject
Project("{FAE04EC0-301F-11D3-BF4B-00C04F79EFBC}") = "SignalLab.Application.Tests", "tests\SignalLab.Application.Tests\SignalLab.Application.Tests.csproj", "{89C09D5A-501B-45F8-9BDD-12133DC55B48}"
EndProject
Global
	GlobalSection(SolutionConfigurationPlatforms) = preSolution
		Debug|Any CPU = Debug|Any CPU
		Debug|x64 = Debug|x64
		Debug|x86 = Debug|x86
		Release|Any CPU = Release|Any CPU
		Release|x64 = Release|x64
		Release|x86 = Release|x86
	EndGlobalSection
	GlobalSection(ProjectConfigurationPlatforms) = postSolution
		{19CF0A94-ACED-413A-BFD9-81F92E8E685E}.Debug|Any CPU.ActiveCfg = Debug|Any CPU
		{19CF0A94-ACED-413A-BFD9-81F92E8E685E}.Debug|Any CPU.Build.0 = Debug|Any CPU
		{19CF0A94-ACED-413A-BFD9-81F92E8E685E}.Debug|x64.ActiveCfg = Debug|Any CPU
		{19CF0A94-ACED-413A-BFD9-81F92E8E685E}.Debug|x64.Build.0 = Debug|Any CPU
		{19CF0A94-ACED-413A-BFD9-81F92E8E685E}.Debug|x86.ActiveCfg = Debug|Any CPU
		{19CF0A94-ACED-413A-BFD9-81F92E8E685E}.Debug|x86.Build.0 = Debug|Any CPU
		{19CF0A94-ACED-413A-BFD9-81F92E8E685E}.Release|Any CPU.ActiveCfg = Release|Any CPU
		{19CF0A94-ACED-413A-BFD9-81F92E8E685E}.Release|Any CPU.Build.0 = Release|Any CPU
		{19CF0A94-ACED-413A-BFD9-81F92E8E685E}.Release|x64.ActiveCfg = Release|Any CPU
		{19CF0A94-ACED-413A-BFD9-81F92E8E685E}.Release|x64.Build.0 = Release|Any CPU
		{19CF0A94-ACED-413A-BFD9-81F92E8E685E}.Release|x86.ActiveCfg = Release|Any CPU
		{19CF0A94-ACED-413A-BFD9-81F92E8E685E}.Release|x86.Build.0 = Release|Any CPU
		{2D5015E2-BBCB-4130-90D1-5C37D9AEBB74}.Debug|Any CPU.ActiveCfg = Debug|Any CPU
		{2D5015E2-BBCB-4130-90D1-5C37D9AEBB74}.Debug|Any CPU.Build.0 = Debug|Any CPU
		{2D5015E2-BBCB-4130-90D1-5C37D9AEBB74}.Debug|x64.ActiveCfg = Debug|Any CPU
		{2D5015E2-BBCB-4130-90D1-5C37D9AEBB74}.Debug|x64.Build.0 = Debug|Any CPU
		{2D5015E2-BBCB-4130-90D1-5C37D9AEBB74}.Debug|x86.ActiveCfg = Debug|Any CPU
		{2D5015E2-BBCB-4130-90D1-5C37D9AEBB74}.Debug|x86.Build.0 = Debug|Any CPU
		{2D5015E2-BBCB-4130-90D1-5C37D9AEBB74}.Release|Any CPU.ActiveCfg = Release|Any CPU
		{2D5015E2-BBCB-4130-90D1-5C37D9AEBB74}.Release|Any CPU.Build.0 = Release|Any CPU
		{2D5015E2-BBCB-4130-90D1-5C37D9AEBB74}.Release|x64.ActiveCfg = Release|Any CPU
		{2D5015E2-BBCB-4130-90D1-5C37D9AEBB74}.Release|x64.Build.0 = Release|Any CPU
		{2D5015E2-BBCB-4130-90D1-5C37D9AEBB74}.Release|x86.ActiveCfg = Release|Any CPU
		{2D5015E2-BBCB-4130-90D1-5C37D9AEBB74}.Release|x86.Build.0 = Release|Any CPU
		{217C0375-6EB4-4182-A42F-60351DE8092F}.Debug|Any CPU.ActiveCfg = Debug|Any CPU
		{217C0375-6EB4-4182-A42F-60351DE8092F}.Debug|Any CPU.Build.0 = Debug|Any CPU
		{217C0375-6EB4-4182-A42F-60351DE8092F}.Debug|x64.ActiveCfg = Debug|Any CPU
		{217C0375-6EB4-4182-A42F-60351DE8092F}.Debug|x64.Build.0 = Debug|Any CPU
		{217C0375-6EB4-4182-A42F-60351DE8092F}.Debug|x86.ActiveCfg = Debug|Any CPU
		{217C0375-6EB4-4182-A42F-60351DE8092F}.Debug|x86.Build.0 = Debug|Any CPU
		{217C0375-6EB4-4182-A42F-60351DE8092F}.Release|Any CPU.ActiveCfg = Release|Any CPU
		{217C0375-6EB4-4182-A42F-60351DE8092F}.Release|Any CPU.Build.0 = Release|Any CPU
		{217C0375-6EB4-4182-A42F-60351DE8092F}.Release|x64.ActiveCfg = Release|Any CPU
		{217C0375-6EB4-4182-A42F-60351DE8092F}.Release|x64.Build.0 = Release|Any CPU
		{217C0375-6EB4-4182-A42F-60351DE8092F}.Release|x86.ActiveCfg = Release|Any CPU
		{217C0375-6EB4-4182-A42F-60351DE8092F}.Release|x86.Build.0 = Release|Any CPU
		{15975B7E-E500-48C9-8F0C-ED8FF70F41C9}.Debug|Any CPU.ActiveCfg = Debug|Any CPU
		{15975B7E-E500-48C9-8F0C-ED8FF70F41C9}.Debug|Any CPU.Build.0 = Debug|Any CPU
		{15975B7E-E500-48C9-8F0C-ED8FF70F41C9}.Debug|x64.ActiveCfg = Debug|Any CPU
		{15975B7E-E500-48C9-8F0C-ED8FF70F41C9}.Debug|x64.Build.0 = Debug|Any CPU
		{15975B7E-E500-48C9-8F0C-ED8FF70F41C9}.Debug|x86.ActiveCfg = Debug|Any CPU
		{15975B7E-E500-48C9-8F0C-ED8FF70F41C9}.Debug|x86.Build.0 = Debug|Any CPU
		{15975B7E-E500-48C9-8F0C-ED8FF70F41C9}.Release|Any CPU.ActiveCfg = Release|Any CPU
		{15975B7E-E500-48C9-8F0C-ED8FF70F41C9}.Release|Any CPU.Build.0 = Release|Any CPU
		{15975B7E-E500-48C9-8F0C-ED8FF70F41C9}.Release|x64.ActiveCfg = Release|Any CPU
		{15975B7E-E500-48C9-8F0C-ED8FF70F41C9}.Release|x64.Build.0 = Release|Any CPU
		{15975B7E-E500-48C9-8F0C-ED8FF70F41C9}.Release|x86.ActiveCfg = Release|Any CPU
		{15975B7E-E500-48C9-8F0C-ED8FF70F41C9}.Release|x86.Build.0 = Release|Any CPU
		{DA0FF202-2C1E-4861-B3E3-5141E99FB85C}.Debug|Any CPU.ActiveCfg = Debug|Any CPU
		{DA0FF202-2C1E-4861-B3E3-5141E99FB85C}.Debug|Any CPU.Build.0 = Debug|Any CPU
		{DA0FF202-2C1E-4861-B3E3-5141E99FB85C}.Debug|x64.ActiveCfg = Debug|Any CPU
		{DA0FF202-2C1E-4861-B3E3-5141E99FB85C}.Debug|x64.Build.0 = Debug|Any CPU
		{DA0FF202-2C1E-4861-B3E3-5141E99FB85C}.Debug|x86.ActiveCfg = Debug|Any CPU
		{DA0FF202-2C1E-4861-B3E3-5141E99FB85C}.Debug|x86.Build.0 = Debug|Any CPU
		{DA0FF202-2C1E-4861-B3E3-5141E99FB85C}.Release|Any CPU.ActiveCfg = Release|Any CPU
		{DA0FF202-2C1E-4861-B3E3-5141E99FB85C}.Release|Any CPU.Build.0 = Release|Any CPU
		{DA0FF202-2C1E-4861-B3E3-5141E99FB85C}.Release|x64.ActiveCfg = Release|Any CPU
		{DA0FF202-2C1E-4861-B3E3-5141E99FB85C}.Release|x64.Build.0 = Release|Any CPU
		{DA0FF202-2C1E-4861-B3E3-5141E99FB85C}.Release|x86.ActiveCfg = Release|Any CPU
		{DA0FF202-2C1E-4861-B3E3-5141E99FB85C}.Release|x86.Build.0 = Release|Any CPU
		{24F428BA-B94D-4553-9394-DD9EAC141B54}.Debug|Any CPU.ActiveCfg = Debug|Any CPU
		{24F428BA-B94D-4553-9394-DD9EAC141B54}.Debug|Any CPU.Build.0 = Debug|Any CPU
		{24F428BA-B94D-4553-9394-DD9EAC141B54}.Debug|x64.ActiveCfg = Debug|Any CPU
		{24F428BA-B94D-4553-9394-DD9EAC141B54}.Debug|x64.Build.0 = Debug|Any CPU
		{24F428BA-B94D-4553-9394-DD9EAC141B54}.Debug|x86.ActiveCfg = Debug|Any CPU
		{24F428BA-B94D-4553-9394-DD9EAC141B54}.Debug|x86.Build.0 = Debug|Any CPU
		{24F428BA-B94D-4553-9394-DD9EAC141B54}.Release|Any CPU.ActiveCfg = Release|Any CPU
		{24F428BA-B94D-4553-9394-DD9EAC141B54}.Release|Any CPU.Build.0 = Release|Any CPU
		{24F428BA-B94D-4553-9394-DD9EAC141B54}.Release|x64.ActiveCfg = Release|Any CPU
		{24F428BA-B94D-4553-9394-DD9EAC141B54}.Release|x64.Build.0 = Release|Any CPU
		{24F428BA-B94D-4553-9394-DD9EAC141B54}.Release|x86.ActiveCfg = Release|Any CPU
		{24F428BA-B94D-4553-9394-DD9EAC141B54}.Release|x86.Build.0 = Release|Any CPU
		{EE946B88-663A-46AE-B5F5-40F25E5EF433}.Debug|Any CPU.ActiveCfg = Debug|Any CPU
		{EE946B88-663A-46AE-B5F5-40F25E5EF433}.Debug|Any CPU.Build.0 = Debug|Any CPU
		{EE946B88-663A-46AE-B5F5-40F25E5EF433}.Debug|x64.ActiveCfg = Debug|Any CPU
		{EE946B88-663A-46AE-B5F5-40F25E5EF433}.Debug|x64.Build.0 = Debug|Any CPU
		{EE946B88-663A-46AE-B5F5-40F25E5EF433}.Debug|x86.ActiveCfg = Debug|Any CPU
		{EE946B88-663A-46AE-B5F5-40F25E5EF433}.Debug|x86.Build.0 = Debug|Any CPU
		{EE946B88-663A-46AE-B5F5-40F25E5EF433}.Release|Any CPU.ActiveCfg = Release|Any CPU
		{EE946B88-663A-46AE-B5F5-40F25E5EF433}.Release|Any CPU.Build.0 = Release|Any CPU
		{EE946B88-663A-46AE-B5F5-40F25E5EF433}.Release|x64.ActiveCfg = Release|Any CPU
		{EE946B88-663A-46AE-B5F5-40F25E5EF433}.Release|x64.Build.0 = Release|Any CPU
		{EE946B88-663A-46AE-B5F5-40F25E5EF433}.Release|x86.ActiveCfg = Release|Any CPU
		{EE946B88-663A-46AE-B5F5-40F25E5EF433}.Release|x86.Build.0 = Release|Any CPU
		{89C09D5A-501B-45F8-9BDD-12133DC55B48}.Debug|Any CPU.ActiveCfg = Debug|Any CPU
		{89C09D5A-501B-45F8-9BDD-12133DC55B48}.Debug|Any CPU.Build.0 = Debug|Any CPU
		{89C09D5A-501B-45F8-9BDD-12133DC55B48}.Debug|x64.ActiveCfg = Debug|Any CPU
		{89C09D5A-501B-45F8-9BDD-12133DC55B48}.Debug|x64.Build.0 = Debug|Any CPU
		{89C09D5A-501B-45F8-9BDD-12133DC55B48}.Debug|x86.ActiveCfg = Debug|Any CPU
		{89C09D5A-501B-45F8-9BDD-12133DC55B48}.Debug|x86.Build.0 = Debug|Any CPU
		{89C09D5A-501B-45F8-9BDD-12133DC55B48}.Release|Any CPU.ActiveCfg = Release|Any CPU
		{89C09D5A-501B-45F8-9BDD-12133DC55B48}.Release|Any CPU.Build.0 = Release|Any CPU
		{89C09D5A-501B-45F8-9BDD-12133DC55B48}.Release|x64.ActiveCfg = Release|Any CPU
		{89C09D5A-501B-45F8-9BDD-12133DC55B48}.Release|x64.Build.0 = Release|Any CPU
		{89C09D5A-501B-45F8-9BDD-12133DC55B48}.Release|x86.ActiveCfg = Release|Any CPU
		{89C09D5A-501B-45F8-9BDD-12133DC55B48}.Release|x86.Build.0 = Release|Any CPU
	EndGlobalSection
	GlobalSection(SolutionProperties) = preSolution
		HideSolutionNode = FALSE
	EndGlobalSection
	GlobalSection(NestedProjects) = preSolution
		{19CF0A94-ACED-413A-BFD9-81F92E8E685E} = {827E0CD3-B72D-47B6-A68D-7590B98EB39B}
		{2D5015E2-BBCB-4130-90D1-5C37D9AEBB74} = {827E0CD3-B72D-47B6-A68D-7590B98EB39B}
		{217C0375-6EB4-4182-A42F-60351DE8092F} = {827E0CD3-B72D-47B6-A68D-7590B98EB39B}
		{15975B7E-E500-48C9-8F0C-ED8FF70F41C9} = {827E0CD3-B72D-47B6-A68D-7590B98EB39B}
		{DA0FF202-2C1E-4861-B3E3-5141E99FB85C} = {0AB3BF05-4346-4AA6-1389-037BE0695223}
		{24F428BA-B94D-4553-9394-DD9EAC141B54} = {0AB3BF05-4346-4AA6-1389-037BE0695223}
		{EE946B88-663A-46AE-B5F5-40F25E5EF433} = {0AB3BF05-4346-4AA6-1389-037BE0695223}
		{89C09D5A-501B-45F8-9BDD-12133DC55B48} = {0AB3BF05-4346-4AA6-1389-037BE0695223}
	EndGlobalSection
EndGlobal
